// !$*UTF8*$!
{
	archiveVersion = 1;
	classes = {
	};
	objectVersion = 56;
	objects = {

/* Begin PBXBuildFile section */
		A4C1C54B29840F8C00FD1761 /* DevoteApp.swift in Sources */ = {isa = PBXBuildFile; fileRef = A4C1C54A29840F8C00FD1761 /* DevoteApp.swift */; };
		A4C1C54D29840F8C00FD1761 /* ContentView.swift in Sources */ = {isa = PBXBuildFile; fileRef = A4C1C54C29840F8C00FD1761 /* ContentView.swift */; };
		A4C1C54F29840F8C00FD1761 /* Assets.xcassets in Resources */ = {isa = PBXBuildFile; fileRef = A4C1C54E29840F8C00FD1761 /* Assets.xcassets */; };
		A4C1C55229840F8C00FD1761 /* Preview Assets.xcassets in Resources */ = {isa = PBXBuildFile; fileRef = A4C1C55129840F8C00FD1761 /* Preview Assets.xcassets */; };
		A4C1C55429840F8C00FD1761 /* Persistence.swift in Sources */ = {isa = PBXBuildFile; fileRef = A4C1C55329840F8C00FD1761 /* Persistence.swift */; };
		A4C1C55729840F8C00FD1761 /* Devote.xcdatamodeld in Sources */ = {isa = PBXBuildFile; fileRef = A4C1C55529840F8C00FD1761 /* Devote.xcdatamodeld */; };
		A4C1C5602984100C00FD1761 /* sound-ding.mp3 in Resources */ = {isa = PBXBuildFile; fileRef = A4C1C55D2984100B00FD1761 /* sound-ding.mp3 */; };
		A4C1C5612984100C00FD1761 /* sound-rise.mp3 in Resources */ = {isa = PBXBuildFile; fileRef = A4C1C55E2984100C00FD1761 /* sound-rise.mp3 */; };
		A4C1C5622984100C00FD1761 /* sound-tap.mp3 in Resources */ = {isa = PBXBuildFile; fileRef = A4C1C55F2984100C00FD1761 /* sound-tap.mp3 */; };
		A4C1C56F29845D0500FD1761 /* Constant.swift in Sources */ = {isa = PBXBuildFile; fileRef = A4C1C56E29845D0500FD1761 /* Constant.swift */; };
		A4C1C5712984658A00FD1761 /* HideKeyboard.swift in Sources */ = {isa = PBXBuildFile; fileRef = A4C1C5702984658A00FD1761 /* HideKeyboard.swift */; };
/* End PBXBuildFile section */

/* Begin PBXFileReference section */
		A4C1C54729840F8C00FD1761 /* Devote.app */ = {isa = PBXFileReference; explicitFileType = wrapper.application; includeInIndex = 0; path = Devote.app; sourceTree = BUILT_PRODUCTS_DIR; };
		A4C1C54A29840F8C00FD1761 /* DevoteApp.swift */ = {isa = PBXFileReference; lastKnownFileType = sourcecode.swift; path = DevoteApp.swift; sourceTree = "<group>"; };
		A4C1C54C29840F8C00FD1761 /* ContentView.swift */ = {isa = PBXFileReference; lastKnownFileType = sourcecode.swift; path = ContentView.swift; sourceTree = "<group>"; };
		A4C1C54E29840F8C00FD1761 /* Assets.xcassets */ = {isa = PBXFileReference; lastKnownFileType = folder.assetcatalog; path = Assets.xcassets; sourceTree = "<group>"; };
		A4C1C55129840F8C00FD1761 /* Preview Assets.xcassets */ = {isa = PBXFileReference; lastKnownFileType = folder.assetcatalog; path = "Preview Assets.xcassets"; sourceTree = "<group>"; };
		A4C1C55329840F8C00FD1761 /* Persistence.swift */ = {isa = PBXFileReference; lastKnownFileType = sourcecode.swift; path = Persistence.swift; sourceTree = "<group>"; };
		A4C1C55629840F8C00FD1761 /* Devote.xcdatamodel */ = {isa = PBXFileReference; lastKnownFileType = wrapper.xcdatamodel; path = Devote.xcdatamodel; sourceTree = "<group>"; };
		A4C1C55D2984100B00FD1761 /* sound-ding.mp3 */ = {isa = PBXFileReference; lastKnownFileType = audio.mp3; path = "sound-ding.mp3"; sourceTree = "<group>"; };
		A4C1C55E2984100C00FD1761 /* sound-rise.mp3 */ = {isa = PBXFileReference; lastKnownFileType = audio.mp3; path = "sound-rise.mp3"; sourceTree = "<group>"; };
		A4C1C55F2984100C00FD1761 /* sound-tap.mp3 */ = {isa = PBXFileReference; lastKnownFileType = audio.mp3; path = "sound-tap.mp3"; sourceTree = "<group>"; };
		A4C1C569298410E000FD1761 /* Info.plist */ = {isa = PBXFileReference; lastKnownFileType = text.plist; path = Info.plist; sourceTree = "<group>"; };
		A4C1C56E29845D0500FD1761 /* Constant.swift */ = {isa = PBXFileReference; lastKnownFileType = sourcecode.swift; path = Constant.swift; sourceTree = "<group>"; };
		A4C1C5702984658A00FD1761 /* HideKeyboard.swift */ = {isa = PBXFileReference; lastKnownFileType = sourcecode.swift; path = HideKeyboard.swift; sourceTree = "<group>"; };
/* End PBXFileReference section */

/* Begin PBXFrameworksBuildPhase section */
		A4C1C54429840F8C00FD1761 /* Frameworks */ = {
			isa = PBXFrameworksBuildPhase;
			buildActionMask = 2147483647;
			files = (
			);
			runOnlyForDeploymentPostprocessing = 0;
		};
/* End PBXFrameworksBuildPhase section */

/* Begin PBXGroup section */
		A4C1C53E29840F8C00FD1761 = {
			isa = PBXGroup;
			children = (
				A4C1C54929840F8C00FD1761 /* Devote */,
				A4C1C54829840F8C00FD1761 /* Products */,
			);
			sourceTree = "<group>";
		};
		A4C1C54829840F8C00FD1761 /* Products */ = {
			isa = PBXGroup;
			children = (
				A4C1C54729840F8C00FD1761 /* Devote.app */,
			);
			name = Products;
			sourceTree = "<group>";
		};
		A4C1C54929840F8C00FD1761 /* Devote */ = {
			isa = PBXGroup;
			children = (
				A4C1C569298410E000FD1761 /* Info.plist */,
				A4C1C54A29840F8C00FD1761 /* DevoteApp.swift */,
				A4C1C5642984103500FD1761 /* View */,
				A4C1C5682984108C00FD1761 /* Model */,
				A4C1C5672984107500FD1761 /* Style */,
				A4C1C5652984104B00FD1761 /* Extension */,
				A4C1C5662984106C00FD1761 /* Utility */,
				A4C1C5632984102800FD1761 /* Sounds */,
				A4C1C54E29840F8C00FD1761 /* Assets.xcassets */,
				A4C1C55029840F8C00FD1761 /* Preview Content */,
			);
			path = Devote;
			sourceTree = "<group>";
		};
		A4C1C55029840F8C00FD1761 /* Preview Content */ = {
			isa = PBXGroup;
			children = (
				A4C1C55129840F8C00FD1761 /* Preview Assets.xcassets */,
			);
			path = "Preview Content";
			sourceTree = "<group>";
		};
		A4C1C5632984102800FD1761 /* Sounds */ = {
			isa = PBXGroup;
			children = (
				A4C1C55D2984100B00FD1761 /* sound-ding.mp3 */,
				A4C1C55E2984100C00FD1761 /* sound-rise.mp3 */,
				A4C1C55F2984100C00FD1761 /* sound-tap.mp3 */,
			);
			path = Sounds;
			sourceTree = "<group>";
		};
		A4C1C5642984103500FD1761 /* View */ = {
			isa = PBXGroup;
			children = (
				A4C1C54C29840F8C00FD1761 /* ContentView.swift */,
			);
			path = View;
			sourceTree = "<group>";
		};
		A4C1C5652984104B00FD1761 /* Extension */ = {
			isa = PBXGroup;
			children = (
				A4C1C5702984658A00FD1761 /* HideKeyboard.swift */,
			);
			path = Extension;
			sourceTree = "<group>";
		};
		A4C1C5662984106C00FD1761 /* Utility */ = {
			isa = PBXGroup;
			children = (
				A4C1C56E29845D0500FD1761 /* Constant.swift */,
			);
			path = Utility;
			sourceTree = "<group>";
		};
		A4C1C5672984107500FD1761 /* Style */ = {
			isa = PBXGroup;
			children = (
			);
			path = Style;
			sourceTree = "<group>";
		};
		A4C1C5682984108C00FD1761 /* Model */ = {
			isa = PBXGroup;
			children = (
				A4C1C55329840F8C00FD1761 /* Persistence.swift */,
				A4C1C55529840F8C00FD1761 /* Devote.xcdatamodeld */,
			);
			path = Model;
			sourceTree = "<group>";
		};
/* End PBXGroup section */

/* Begin PBXNativeTarget section */
		A4C1C54629840F8C00FD1761 /* Devote */ = {
			isa = PBXNativeTarget;
			buildConfigurationList = A4C1C55A29840F8C00FD1761 /* Build configuration list for PBXNativeTarget "Devote" */;
			buildPhases = (
				A4C1C54329840F8C00FD1761 /* Sources */,
				A4C1C54429840F8C00FD1761 /* Frameworks */,
				A4C1C54529840F8C00FD1761 /* Resources */,
			);
			buildRules = (
			);
			dependencies = (
			);
			name = Devote;
			productName = Devote;
			productReference = A4C1C54729840F8C00FD1761 /* Devote.app */;
			productType = "com.apple.product-type.application";
		};
/* End PBXNativeTarget section */

/* Begin PBXProject section */
		A4C1C53F29840F8C00FD1761 /* Project object */ = {
			isa = PBXProject;
			attributes = {
				BuildIndependentTargetsInParallel = 1;
				LastSwiftUpdateCheck = 1420;
				LastUpgradeCheck = 1420;
				TargetAttributes = {
					A4C1C54629840F8C00FD1761 = {
						CreatedOnToolsVersion = 14.2;
					};
				};
			};
			buildConfigurationList = A4C1C54229840F8C00FD1761 /* Build configuration list for PBXProject "Devote" */;
			compatibilityVersion = "Xcode 14.0";
			developmentRegion = en;
			hasScannedForEncodings = 0;
			knownRegions = (
				en,
				Base,
			);
			mainGroup = A4C1C53E29840F8C00FD1761;
			productRefGroup = A4C1C54829840F8C00FD1761 /* Products */;
			projectDirPath = "";
			projectRoot = "";
			targets = (
				A4C1C54629840F8C00FD1761 /* Devote */,
			);
		};
/* End PBXProject section */

/* Begin PBXResourcesBuildPhase section */
		A4C1C54529840F8C00FD1761 /* Resources */ = {
			isa = PBXResourcesBuildPhase;
			buildActionMask = 2147483647;
			files = (
				A4C1C55229840F8C00FD1761 /* Preview Assets.xcassets in Resources */,
				A4C1C5612984100C00FD1761 /* sound-rise.mp3 in Resources */,
				A4C1C54F29840F8C00FD1761 /* Assets.xcassets in Resources */,
				A4C1C5622984100C00FD1761 /* sound-tap.mp3 in Resources */,
				A4C1C5602984100C00FD1761 /* sound-ding.mp3 in Resources */,
			);
			runOnlyForDeploymentPostprocessing = 0;
		};
/* End PBXResourcesBuildPhase section */

/* Begin PBXSourcesBuildPhase section */
		A4C1C54329840F8C00FD1761 /* Sources */ = {
			isa = PBXSourcesBuildPhase;
			buildActionMask = 2147483647;
			files = (
				A4C1C55429840F8C00FD1761 /* Persistence.swift in Sources */,
				A4C1C54D29840F8C00FD1761 /* ContentView.swift in Sources */,
				A4C1C56F29845D0500FD1761 /* Constant.swift in Sources */,
				A4C1C55729840F8C00FD1761 /* Devote.xcdatamodeld in Sources */,
				A4C1C5712984658A00FD1761 /* HideKeyboard.swift in Sources */,
				A4C1C54B29840F8C00FD1761 /* DevoteApp.swift in Sources */,
			);
			runOnlyForDeploymentPostprocessing = 0;
		};
/* End PBXSourcesBuildPhase section */

/* Begin XCBuildConfiguration section */
		A4C1C55829840F8C00FD1761 /* Debug */ = {
			isa = XCBuildConfiguration;
			buildSettings = {
				ALWAYS_SEARCH_USER_PATHS = NO;
				CLANG_ANALYZER_NONNULL = YES;
				CLANG_ANALYZER_NUMBER_OBJECT_CONVERSION = YES_AGGRESSIVE;
				CLANG_CXX_LANGUAGE_STANDARD = "gnu++20";
				CLANG_ENABLE_MODULES = YES;
				CLANG_ENABLE_OBJC_ARC = YES;
				CLANG_ENABLE_OBJC_WEAK = YES;
				CLANG_WARN_BLOCK_CAPTURE_AUTORELEASING = YES;
				CLANG_WARN_BOOL_CONVERSION = YES;
				CLANG_WARN_COMMA = YES;
				CLANG_WARN_CONSTANT_CONVERSION = YES;
				CLANG_WARN_DEPRECATED_OBJC_IMPLEMENTATIONS = YES;
				CLANG_WARN_DIRECT_OBJC_ISA_USAGE = YES_ERROR;
				CLANG_WARN_DOCUMENTATION_COMMENTS = YES;
				CLANG_WARN_EMPTY_BODY = YES;
				CLANG_WARN_ENUM_CONVERSION = YES;
				CLANG_WARN_INFINITE_RECURSION = YES;
				CLANG_WARN_INT_CONVERSION = YES;
				CLANG_WARN_NON_LITERAL_NULL_CONVERSION = YES;
				CLANG_WARN_OBJC_IMPLICIT_RETAIN_SELF = YES;
				CLANG_WARN_OBJC_LITERAL_CONVERSION = YES;
				CLANG_WARN_OBJC_ROOT_CLASS = YES_ERROR;
				CLANG_WARN_QUOTED_INCLUDE_IN_FRAMEWORK_HEADER = YES;
				CLANG_WARN_RANGE_LOOP_ANALYSIS = YES;
				CLANG_WARN_STRICT_PROTOTYPES = YES;
				CLANG_WARN_SUSPICIOUS_MOVE = YES;
				CLANG_WARN_UNGUARDED_AVAILABILITY = YES_AGGRESSIVE;
				CLANG_WARN_UNREACHABLE_CODE = YES;
				CLANG_WARN__DUPLICATE_METHOD_MATCH = YES;
				COPY_PHASE_STRIP = NO;
				DEBUG_INFORMATION_FORMAT = dwarf;
				ENABLE_STRICT_OBJC_MSGSEND = YES;
				ENABLE_TESTABILITY = YES;
				GCC_C_LANGUAGE_STANDARD = gnu11;
				GCC_DYNAMIC_NO_PIC = NO;
				GCC_NO_COMMON_BLOCKS = YES;
				GCC_OPTIMIZATION_LEVEL = 0;
				GCC_PREPROCESSOR_DEFINITIONS = (
					"DEBUG=1",
					"$(inherited)",
				);
				GCC_WARN_64_TO_32_BIT_CONVERSION = YES;
				GCC_WARN_ABOUT_RETURN_TYPE = YES_ERROR;
				GCC_WARN_UNDECLARED_SELECTOR = YES;
				GCC_WARN_UNINITIALIZED_AUTOS = YES_AGGRESSIVE;
				GCC_WARN_UNUSED_FUNCTION = YES;
				GCC_WARN_UNUSED_VARIABLE = YES;
				IPHONEOS_DEPLOYMENT_TARGET = 16.2;
				MTL_ENABLE_DEBUG_INFO = INCLUDE_SOURCE;
				MTL_FAST_MATH = YES;
				ONLY_ACTIVE_ARCH = YES;
				SDKROOT = iphoneos;
				SWIFT_ACTIVE_COMPILATION_CONDITIONS = DEBUG;
				SWIFT_OPTIMIZATION_LEVEL = "-Onone";
			};
			name = Debug;
		};
		A4C1C55929840F8C00FD1761 /* Release */ = {
			isa = XCBuildConfiguration;
			buildSettings = {
				ALWAYS_SEARCH_USER_PATHS = NO;
				CLANG_ANALYZER_NONNULL = YES;
				CLANG_ANALYZER_NUMBER_OBJECT_CONVERSION = YES_AGGRESSIVE;
				CLANG_CXX_LANGUAGE_STANDARD = "gnu++20";
				CLANG_ENABLE_MODULES = YES;
				CLANG_ENABLE_OBJC_ARC = YES;
				CLANG_ENABLE_OBJC_WEAK = YES;
				CLANG_WARN_BLOCK_CAPTURE_AUTORELEASING = YES;
				CLANG_WARN_BOOL_CONVERSION = YES;
				CLANG_WARN_COMMA = YES;
				CLANG_WARN_CONSTANT_CONVERSION = YES;
				CLANG_WARN_DEPRECATED_OBJC_IMPLEMENTATIONS = YES;
				CLANG_WARN_DIRECT_OBJC_ISA_USAGE = YES_ERROR;
				CLANG_WARN_DOCUMENTATION_COMMENTS = YES;
				CLANG_WARN_EMPTY_BODY = YES;
				CLANG_WARN_ENUM_CONVERSION = YES;
				CLANG_WARN_INFINITE_RECURSION = YES;
				CLANG_WARN_INT_CONVERSION = YES;
				CLANG_WARN_NON_LITERAL_NULL_CONVERSION = YES;
				CLANG_WARN_OBJC_IMPLICIT_RETAIN_SELF = YES;
				CLANG_WARN_OBJC_LITERAL_CONVERSION = YES;
				CLANG_WARN_OBJC_ROOT_CLASS = YES_ERROR;
				CLANG_WARN_QUOTED_INCLUDE_IN_FRAMEWORK_HEADER = YES;
				CLANG_WARN_RANGE_LOOP_ANALYSIS = YES;
				CLANG_WARN_STRICT_PROTOTYPES = YES;
				CLANG_WARN_SUSPICIOUS_MOVE = YES;
				CLANG_WARN_UNGUARDED_AVAILABILITY = YES_AGGRESSIVE;
				CLANG_WARN_UNREACHABLE_CODE = YES;
				CLANG_WARN__DUPLICATE_METHOD_MATCH = YES;
				COPY_PHASE_STRIP = NO;
				DEBUG_INFORMATION_FORMAT = "dwarf-with-dsym";
				ENABLE_NS_ASSERTIONS = NO;
				ENABLE_STRICT_OBJC_MSGSEND = YES;
				GCC_C_LANGUAGE_STANDARD = gnu11;
				GCC_NO_COMMON_BLOCKS = YES;
				GCC_WARN_64_TO_32_BIT_CONVERSION = YES;
				GCC_WARN_ABOUT_RETURN_TYPE = YES_ERROR;
				GCC_WARN_UNDECLARED_SELECTOR = YES;
				GCC_WARN_UNINITIALIZED_AUTOS = YES_AGGRESSIVE;
				GCC_WARN_UNUSED_FUNCTION = YES;
				GCC_WARN_UNUSED_VARIABLE = YES;
				IPHONEOS_DEPLOYMENT_TARGET = 16.2;
				MTL_ENABLE_DEBUG_INFO = NO;
				MTL_FAST_MATH = YES;
				SDKROOT = iphoneos;
				SWIFT_COMPILATION_MODE = wholemodule;
				SWIFT_OPTIMIZATION_LEVEL = "-O";
				VALIDATE_PRODUCT = YES;
			};
			name = Release;
		};
		A4C1C55B29840F8C00FD1761 /* Debug */ = {
			isa = XCBuildConfiguration;
			buildSettings = {
				ASSETCATALOG_COMPILER_APPICON_NAME = AppIcon;
				ASSETCATALOG_COMPILER_GLOBAL_ACCENT_COLOR_NAME = AccentColor;
				CODE_SIGN_STYLE = Automatic;
				CURRENT_PROJECT_VERSION = 1;
				DEVELOPMENT_ASSET_PATHS = "\"Devote/Preview Content\"";
				DEVELOPMENT_TEAM = W9N5S557F2;
				ENABLE_PREVIEWS = YES;
				GENERATE_INFOPLIST_FILE = YES;
				INFOPLIST_FILE = Devote/Info.plist;
				INFOPLIST_KEY_UIApplicationSceneManifest_Generation = YES;
				INFOPLIST_KEY_UIApplicationSupportsIndirectInputEvents = YES;
				INFOPLIST_KEY_UISupportedInterfaceOrientations = UIInterfaceOrientationPortrait;
				LD_RUNPATH_SEARCH_PATHS = (
					"$(inherited)",
					"@executable_path/Frameworks",
				);
				MARKETING_VERSION = 1.0;
				PRODUCT_BUNDLE_IDENTIFIER = com.xerova.Devote;
				PRODUCT_NAME = "$(TARGET_NAME)";
				SWIFT_EMIT_LOC_STRINGS = YES;
				SWIFT_VERSION = 5.0;
				TARGETED_DEVICE_FAMILY = "1,2";
			};
			name = Debug;
		};
		A4C1C55C29840F8C00FD1761 /* Release */ = {
			isa = XCBuildConfiguration;
			buildSettings = {
				ASSETCATALOG_COMPILER_APPICON_NAME = AppIcon;
				ASSETCATALOG_COMPILER_GLOBAL_ACCENT_COLOR_NAME = AccentColor;
				CODE_SIGN_STYLE = Automatic;
				CURRENT_PROJECT_VERSION = 1;
				DEVELOPMENT_ASSET_PATHS = "\"Devote/Preview Content\"";
				DEVELOPMENT_TEAM = W9N5S557F2;
				ENABLE_PREVIEWS = YES;
				GENERATE_INFOPLIST_FILE = YES;
				INFOPLIST_FILE = Devote/Info.plist;
				INFOPLIST_KEY_UIApplicationSceneManifest_Generation = YES;
				INFOPLIST_KEY_UIApplicationSupportsIndirectInputEvents = YES;
				INFOPLIST_KEY_UISupportedInterfaceOrientations = UIInterfaceOrientationPortrait;
				LD_RUNPATH_SEARCH_PATHS = (
					"$(inherited)",
					"@executable_path/Frameworks",
				);
				MARKETING_VERSION = 1.0;
				PRODUCT_BUNDLE_IDENTIFIER = com.xerova.Devote;
				PRODUCT_NAME = "$(TARGET_NAME)";
				SWIFT_EMIT_LOC_STRINGS = YES;
				SWIFT_VERSION = 5.0;
				TARGETED_DEVICE_FAMILY = "1,2";
			};
			name = Release;
		};
/* End XCBuildConfiguration section */

/* Begin XCConfigurationList section */
		A4C1C54229840F8C00FD1761 /* Build configuration list for PBXProject "Devote" */ = {
			isa = XCConfigurationList;
			buildConfigurations = (
				A4C1C55829840F8C00FD1761 /* Debug */,
				A4C1C55929840F8C00FD1761 /* Release */,
			);
			defaultConfigurationIsVisible = 0;
			defaultConfigurationName = Release;
		};
		A4C1C55A29840F8C00FD1761 /* Build configuration list for PBXNativeTarget "Devote" */ = {
			isa = XCConfigurationList;
			buildConfigurations = (
				A4C1C55B29840F8C00FD1761 /* Debug */,
				A4C1C55C29840F8C00FD1761 /* Release */,
			);
			defaultConfigurationIsVisible = 0;
			defaultConfigurationName = Release;
		};
/* End XCConfigurationList section */

/* Begin XCVersionGroup section */
		A4C1C55529840F8C00FD1761 /* Devote.xcdatamodeld */ = {
			isa = XCVersionGroup;
			children = (
				A4C1C55629840F8C00FD1761 /* Devote.xcdatamodel */,
			);
			currentVersion = A4C1C55629840F8C00FD1761 /* Devote.xcdatamodel */;
			path = Devote.xcdatamodeld;
			sourceTree = "<group>";
			versionGroupType = wrapper.xcdatamodel;
		};
/* End XCVersionGroup section */
	};
	rootObject = A4C1C53F29840F8C00FD1761 /* Project object */;
}
